// !$*UTF8*$!
{
	archiveVersion = 1;
	classes = {
	};
	objectVersion = 56;
	objects = {

/* Begin PBXBuildFile section */
		5755F9F62B8A935800BF6B97 /* AppDelegate.swift in Sources */ = {isa = PBXBuildFile; fileRef = 5755F9F52B8A935800BF6B97 /* AppDelegate.swift */; };
		5755F9F82B8A935800BF6B97 /* SceneDelegate.swift in Sources */ = {isa = PBXBuildFile; fileRef = 5755F9F72B8A935800BF6B97 /* SceneDelegate.swift */; };
		5755F9FA2B8A935800BF6B97 /* ViewController.swift in Sources */ = {isa = PBXBuildFile; fileRef = 5755F9F92B8A935800BF6B97 /* ViewController.swift */; };
		5755F9FD2B8A935800BF6B97 /* Main.storyboard in Resources */ = {isa = PBXBuildFile; fileRef = 5755F9FB2B8A935800BF6B97 /* Main.storyboard */; };
		5755F9FF2B8A935B00BF6B97 /* Assets.xcassets in Resources */ = {isa = PBXBuildFile; fileRef = 5755F9FE2B8A935B00BF6B97 /* Assets.xcassets */; };
		5755FA022B8A935B00BF6B97 /* LaunchScreen.storyboard in Resources */ = {isa = PBXBuildFile; fileRef = 5755FA002B8A935B00BF6B97 /* LaunchScreen.storyboard */; };
		5755FA0D2B8A935B00BF6B97 /* VitaVerseAppTests.swift in Sources */ = {isa = PBXBuildFile; fileRef = 5755FA0C2B8A935B00BF6B97 /* VitaVerseAppTests.swift */; };
		5755FA172B8A935B00BF6B97 /* VitaVerseAppUITests.swift in Sources */ = {isa = PBXBuildFile; fileRef = 5755FA162B8A935B00BF6B97 /* VitaVerseAppUITests.swift */; };
		5755FA192B8A935B00BF6B97 /* VitaVerseAppUITestsLaunchTests.swift in Sources */ = {isa = PBXBuildFile; fileRef = 5755FA182B8A935B00BF6B97 /* VitaVerseAppUITestsLaunchTests.swift */; };
		5755FA762B8BDABD00BF6B97 /* Mission.swift in Sources */ = {isa = PBXBuildFile; fileRef = 5755FA752B8BDABD00BF6B97 /* Mission.swift */; };
		5755FA7A2B8BDD7E00BF6B97 /* Import.swift in Sources */ = {isa = PBXBuildFile; fileRef = 5755FA792B8BDD7E00BF6B97 /* Import.swift */; };
		5755FA7C2B8BDD8B00BF6B97 /* Start.swift in Sources */ = {isa = PBXBuildFile; fileRef = 5755FA7B2B8BDD8B00BF6B97 /* Start.swift */; };
		5755FA7E2B8BDF8800BF6B97 /* DEMOVC.swift in Sources */ = {isa = PBXBuildFile; fileRef = 5755FA7D2B8BDF8800BF6B97 /* DEMOVC.swift */; };
		5755FA802B8BE06400BF6B97 /* resultLabel.swift in Sources */ = {isa = PBXBuildFile; fileRef = 5755FA7F2B8BE06400BF6B97 /* resultLabel.swift */; };
		5755FA822B8BE75100BF6B97 /* you.swift in Sources */ = {isa = PBXBuildFile; fileRef = 5755FA812B8BE75100BF6B97 /* you.swift */; };
		5755FA842B8BE89500BF6B97 /* Name.swift in Sources */ = {isa = PBXBuildFile; fileRef = 5755FA832B8BE89500BF6B97 /* Name.swift */; };
		5755FA862B8BE8A500BF6B97 /* Age.swift in Sources */ = {isa = PBXBuildFile; fileRef = 5755FA852B8BE8A500BF6B97 /* Age.swift */; };
		5755FA882B8BE91500BF6B97 /* Submit.swift in Sources */ = {isa = PBXBuildFile; fileRef = 5755FA872B8BE91500BF6B97 /* Submit.swift */; };
		5755FA8A2B8BF5ED00BF6B97 /* Height.swift in Sources */ = {isa = PBXBuildFile; fileRef = 5755FA892B8BF5ED00BF6B97 /* Height.swift */; };
		5755FA8C2B8BF5F900BF6B97 /* Weight.swift in Sources */ = {isa = PBXBuildFile; fileRef = 5755FA8B2B8BF5F900BF6B97 /* Weight.swift */; };
		5755FA8E2B8BF81C00BF6B97 /* Generated.swift in Sources */ = {isa = PBXBuildFile; fileRef = 5755FA8D2B8BF81C00BF6B97 /* Generated.swift */; };
		57AA5B712B8FC37D00F6AE39 /* Sync.swift in Sources */ = {isa = PBXBuildFile; fileRef = 57AA5B702B8FC37D00F6AE39 /* Sync.swift */; };
		57AA5B732B8FE21100F6AE39 /* WeightL.swift in Sources */ = {isa = PBXBuildFile; fileRef = 57AA5B722B8FE21100F6AE39 /* WeightL.swift */; };
		57AA5B752B8FE21D00F6AE39 /* HeightL.swift in Sources */ = {isa = PBXBuildFile; fileRef = 57AA5B742B8FE21D00F6AE39 /* HeightL.swift */; };
		57AA5B772B8FE22800F6AE39 /* Label1.swift in Sources */ = {isa = PBXBuildFile; fileRef = 57AA5B762B8FE22800F6AE39 /* Label1.swift */; };
		57AA5B792B8FE23400F6AE39 /* Label2.swift in Sources */ = {isa = PBXBuildFile; fileRef = 57AA5B782B8FE23400F6AE39 /* Label2.swift */; };
		57CB31122B8D776B00FE27E9 /* ImportFiles.swift in Sources */ = {isa = PBXBuildFile; fileRef = 57CB31112B8D776B00FE27E9 /* ImportFiles.swift */; };
		57CB31162B8D8E7900FE27E9 /* generateB.swift in Sources */ = {isa = PBXBuildFile; fileRef = 57CB31152B8D8E7900FE27E9 /* generateB.swift */; };
		57DFF1A92B9F5B2D0093C25F /* Final.swift in Sources */ = {isa = PBXBuildFile; fileRef = 57DFF1A82B9F5B2C0093C25F /* Final.swift */; };
/* End PBXBuildFile section */

/* Begin PBXContainerItemProxy section */
		5755FA092B8A935B00BF6B97 /* PBXContainerItemProxy */ = {
			isa = PBXContainerItemProxy;
			containerPortal = 5755F9EA2B8A935700BF6B97 /* Project object */;
			proxyType = 1;
			remoteGlobalIDString = 5755F9F12B8A935800BF6B97;
			remoteInfo = VitaVerseApp;
		};
		5755FA132B8A935B00BF6B97 /* PBXContainerItemProxy */ = {
			isa = PBXContainerItemProxy;
			containerPortal = 5755F9EA2B8A935700BF6B97 /* Project object */;
			proxyType = 1;
			remoteGlobalIDString = 5755F9F12B8A935800BF6B97;
			remoteInfo = VitaVerseApp;
		};
/* End PBXContainerItemProxy section */

/* Begin PBXFileReference section */
		5755F9F22B8A935800BF6B97 /* VitaVerseApp.app */ = {isa = PBXFileReference; explicitFileType = wrapper.application; includeInIndex = 0; path = VitaVerseApp.app; sourceTree = BUILT_PRODUCTS_DIR; };
		5755F9F52B8A935800BF6B97 /* AppDelegate.swift */ = {isa = PBXFileReference; lastKnownFileType = sourcecode.swift; path = AppDelegate.swift; sourceTree = "<group>"; };
		5755F9F72B8A935800BF6B97 /* SceneDelegate.swift */ = {isa = PBXFileReference; lastKnownFileType = sourcecode.swift; path = SceneDelegate.swift; sourceTree = "<group>"; };
		5755F9F92B8A935800BF6B97 /* ViewController.swift */ = {isa = PBXFileReference; lastKnownFileType = sourcecode.swift; path = ViewController.swift; sourceTree = "<group>"; };
		5755F9FC2B8A935800BF6B97 /* Base */ = {isa = PBXFileReference; lastKnownFileType = file.storyboard; name = Base; path = Base.lproj/Main.storyboard; sourceTree = "<group>"; };
		5755F9FE2B8A935B00BF6B97 /* Assets.xcassets */ = {isa = PBXFileReference; lastKnownFileType = folder.assetcatalog; path = Assets.xcassets; sourceTree = "<group>"; };
		5755FA012B8A935B00BF6B97 /* Base */ = {isa = PBXFileReference; lastKnownFileType = file.storyboard; name = Base; path = Base.lproj/LaunchScreen.storyboard; sourceTree = "<group>"; };
		5755FA032B8A935B00BF6B97 /* Info.plist */ = {isa = PBXFileReference; lastKnownFileType = text.plist.xml; path = Info.plist; sourceTree = "<group>"; };
		5755FA082B8A935B00BF6B97 /* VitaVerseAppTests.xctest */ = {isa = PBXFileReference; explicitFileType = wrapper.cfbundle; includeInIndex = 0; path = VitaVerseAppTests.xctest; sourceTree = BUILT_PRODUCTS_DIR; };
		5755FA0C2B8A935B00BF6B97 /* VitaVerseAppTests.swift */ = {isa = PBXFileReference; lastKnownFileType = sourcecode.swift; path = VitaVerseAppTests.swift; sourceTree = "<group>"; };
		5755FA122B8A935B00BF6B97 /* VitaVerseAppUITests.xctest */ = {isa = PBXFileReference; explicitFileType = wrapper.cfbundle; includeInIndex = 0; path = VitaVerseAppUITests.xctest; sourceTree = BUILT_PRODUCTS_DIR; };
		5755FA162B8A935B00BF6B97 /* VitaVerseAppUITests.swift */ = {isa = PBXFileReference; lastKnownFileType = sourcecode.swift; path = VitaVerseAppUITests.swift; sourceTree = "<group>"; };
		5755FA182B8A935B00BF6B97 /* VitaVerseAppUITestsLaunchTests.swift */ = {isa = PBXFileReference; lastKnownFileType = sourcecode.swift; path = VitaVerseAppUITestsLaunchTests.swift; sourceTree = "<group>"; };
		5755FA752B8BDABD00BF6B97 /* Mission.swift */ = {isa = PBXFileReference; lastKnownFileType = sourcecode.swift; path = Mission.swift; sourceTree = "<group>"; };
		5755FA792B8BDD7E00BF6B97 /* Import.swift */ = {isa = PBXFileReference; lastKnownFileType = sourcecode.swift; path = Import.swift; sourceTree = "<group>"; };
		5755FA7B2B8BDD8B00BF6B97 /* Start.swift */ = {isa = PBXFileReference; lastKnownFileType = sourcecode.swift; path = Start.swift; sourceTree = "<group>"; };
		5755FA7D2B8BDF8800BF6B97 /* DEMOVC.swift */ = {isa = PBXFileReference; lastKnownFileType = sourcecode.swift; path = DEMOVC.swift; sourceTree = "<group>"; };
		5755FA7F2B8BE06400BF6B97 /* resultLabel.swift */ = {isa = PBXFileReference; lastKnownFileType = sourcecode.swift; path = resultLabel.swift; sourceTree = "<group>"; };
		5755FA812B8BE75100BF6B97 /* you.swift */ = {isa = PBXFileReference; lastKnownFileType = sourcecode.swift; path = you.swift; sourceTree = "<group>"; };
		5755FA832B8BE89500BF6B97 /* Name.swift */ = {isa = PBXFileReference; lastKnownFileType = sourcecode.swift; path = Name.swift; sourceTree = "<group>"; };
		5755FA852B8BE8A500BF6B97 /* Age.swift */ = {isa = PBXFileReference; lastKnownFileType = sourcecode.swift; path = Age.swift; sourceTree = "<group>"; };
		5755FA872B8BE91500BF6B97 /* Submit.swift */ = {isa = PBXFileReference; lastKnownFileType = sourcecode.swift; path = Submit.swift; sourceTree = "<group>"; };
		5755FA892B8BF5ED00BF6B97 /* Height.swift */ = {isa = PBXFileReference; lastKnownFileType = sourcecode.swift; path = Height.swift; sourceTree = "<group>"; };
		5755FA8B2B8BF5F900BF6B97 /* Weight.swift */ = {isa = PBXFileReference; lastKnownFileType = sourcecode.swift; path = Weight.swift; sourceTree = "<group>"; };
		5755FA8D2B8BF81C00BF6B97 /* Generated.swift */ = {isa = PBXFileReference; lastKnownFileType = sourcecode.swift; path = Generated.swift; sourceTree = "<group>"; };
		57AA5B702B8FC37D00F6AE39 /* Sync.swift */ = {isa = PBXFileReference; lastKnownFileType = sourcecode.swift; path = Sync.swift; sourceTree = "<group>"; };
		57AA5B722B8FE21100F6AE39 /* WeightL.swift */ = {isa = PBXFileReference; lastKnownFileType = sourcecode.swift; path = WeightL.swift; sourceTree = "<group>"; };
		57AA5B742B8FE21D00F6AE39 /* HeightL.swift */ = {isa = PBXFileReference; lastKnownFileType = sourcecode.swift; path = HeightL.swift; sourceTree = "<group>"; };
		57AA5B762B8FE22800F6AE39 /* Label1.swift */ = {isa = PBXFileReference; lastKnownFileType = sourcecode.swift; path = Label1.swift; sourceTree = "<group>"; };
		57AA5B782B8FE23400F6AE39 /* Label2.swift */ = {isa = PBXFileReference; lastKnownFileType = sourcecode.swift; path = Label2.swift; sourceTree = "<group>"; };
		57CB31112B8D776B00FE27E9 /* ImportFiles.swift */ = {isa = PBXFileReference; lastKnownFileType = sourcecode.swift; path = ImportFiles.swift; sourceTree = "<group>"; };
		57CB31152B8D8E7900FE27E9 /* generateB.swift */ = {isa = PBXFileReference; lastKnownFileType = sourcecode.swift; path = generateB.swift; sourceTree = "<group>"; };
		57DFF1A82B9F5B2C0093C25F /* Final.swift */ = {isa = PBXFileReference; lastKnownFileType = sourcecode.swift; path = Final.swift; sourceTree = "<group>"; };
/* End PBXFileReference section */

/* Begin PBXFrameworksBuildPhase section */
		5755F9EF2B8A935800BF6B97 /* Frameworks */ = {
			isa = PBXFrameworksBuildPhase;
			buildActionMask = 2147483647;
			files = (
			);
			runOnlyForDeploymentPostprocessing = 0;
		};
		5755FA052B8A935B00BF6B97 /* Frameworks */ = {
			isa = PBXFrameworksBuildPhase;
			buildActionMask = 2147483647;
			files = (
			);
			runOnlyForDeploymentPostprocessing = 0;
		};
		5755FA0F2B8A935B00BF6B97 /* Frameworks */ = {
			isa = PBXFrameworksBuildPhase;
			buildActionMask = 2147483647;
			files = (
			);
			runOnlyForDeploymentPostprocessing = 0;
		};
/* End PBXFrameworksBuildPhase section */

/* Begin PBXGroup section */
		5755F9E92B8A935700BF6B97 = {
			isa = PBXGroup;
			children = (
				5755F9F42B8A935800BF6B97 /* VitaVerseApp */,
				5755FA0B2B8A935B00BF6B97 /* VitaVerseAppTests */,
				5755FA152B8A935B00BF6B97 /* VitaVerseAppUITests */,
				5755F9F32B8A935800BF6B97 /* Products */,
			);
			sourceTree = "<group>";
		};
		5755F9F32B8A935800BF6B97 /* Products */ = {
			isa = PBXGroup;
			children = (
				5755F9F22B8A935800BF6B97 /* VitaVerseApp.app */,
				5755FA082B8A935B00BF6B97 /* VitaVerseAppTests.xctest */,
				5755FA122B8A935B00BF6B97 /* VitaVerseAppUITests.xctest */,
			);
			name = Products;
			sourceTree = "<group>";
		};
		5755F9F42B8A935800BF6B97 /* VitaVerseApp */ = {
			isa = PBXGroup;
			children = (
				5755F9F52B8A935800BF6B97 /* AppDelegate.swift */,
				57AA5B722B8FE21100F6AE39 /* WeightL.swift */,
				57AA5B762B8FE22800F6AE39 /* Label1.swift */,
				57AA5B782B8FE23400F6AE39 /* Label2.swift */,
				57AA5B742B8FE21D00F6AE39 /* HeightL.swift */,
				5755F9F72B8A935800BF6B97 /* SceneDelegate.swift */,
				5755F9F92B8A935800BF6B97 /* ViewController.swift */,
				5755FA752B8BDABD00BF6B97 /* Mission.swift */,
				5755FA7D2B8BDF8800BF6B97 /* DEMOVC.swift */,
				5755FA792B8BDD7E00BF6B97 /* Import.swift */,
				5755FA7B2B8BDD8B00BF6B97 /* Start.swift */,
				57AA5B702B8FC37D00F6AE39 /* Sync.swift */,
				5755FA7F2B8BE06400BF6B97 /* resultLabel.swift */,
				5755FA812B8BE75100BF6B97 /* you.swift */,
				5755FA832B8BE89500BF6B97 /* Name.swift */,
				5755FA852B8BE8A500BF6B97 /* Age.swift */,
				5755FA872B8BE91500BF6B97 /* Submit.swift */,
				5755FA892B8BF5ED00BF6B97 /* Height.swift */,
				5755FA8B2B8BF5F900BF6B97 /* Weight.swift */,
				5755FA8D2B8BF81C00BF6B97 /* Generated.swift */,
				57CB31112B8D776B00FE27E9 /* ImportFiles.swift */,
				57CB31152B8D8E7900FE27E9 /* generateB.swift */,
				57DFF1A82B9F5B2C0093C25F /* Final.swift */,
				5755F9FB2B8A935800BF6B97 /* Main.storyboard */,
				5755F9FE2B8A935B00BF6B97 /* Assets.xcassets */,
				5755FA002B8A935B00BF6B97 /* LaunchScreen.storyboard */,
				5755FA032B8A935B00BF6B97 /* Info.plist */,
			);
			path = VitaVerseApp;
			sourceTree = "<group>";
		};
		5755FA0B2B8A935B00BF6B97 /* VitaVerseAppTests */ = {
			isa = PBXGroup;
			children = (
				5755FA0C2B8A935B00BF6B97 /* VitaVerseAppTests.swift */,
			);
			path = VitaVerseAppTests;
			sourceTree = "<group>";
		};
		5755FA152B8A935B00BF6B97 /* VitaVerseAppUITests */ = {
			isa = PBXGroup;
			children = (
				5755FA162B8A935B00BF6B97 /* VitaVerseAppUITests.swift */,
				5755FA182B8A935B00BF6B97 /* VitaVerseAppUITestsLaunchTests.swift */,
			);
			path = VitaVerseAppUITests;
			sourceTree = "<group>";
		};
/* End PBXGroup section */

/* Begin PBXNativeTarget section */
		5755F9F12B8A935800BF6B97 /* VitaVerseApp */ = {
			isa = PBXNativeTarget;
			buildConfigurationList = 5755FA1C2B8A935B00BF6B97 /* Build configuration list for PBXNativeTarget "VitaVerseApp" */;
			buildPhases = (
				5755F9EE2B8A935800BF6B97 /* Sources */,
				5755F9EF2B8A935800BF6B97 /* Frameworks */,
				5755F9F02B8A935800BF6B97 /* Resources */,
			);
			buildRules = (
			);
			dependencies = (
			);
			name = VitaVerseApp;
			productName = VitaVerseApp;
			productReference = 5755F9F22B8A935800BF6B97 /* VitaVerseApp.app */;
			productType = "com.apple.product-type.application";
		};
		5755FA072B8A935B00BF6B97 /* VitaVerseAppTests */ = {
			isa = PBXNativeTarget;
			buildConfigurationList = 5755FA1F2B8A935B00BF6B97 /* Build configuration list for PBXNativeTarget "VitaVerseAppTests" */;
			buildPhases = (
				5755FA042B8A935B00BF6B97 /* Sources */,
				5755FA052B8A935B00BF6B97 /* Frameworks */,
				5755FA062B8A935B00BF6B97 /* Resources */,
			);
			buildRules = (
			);
			dependencies = (
				5755FA0A2B8A935B00BF6B97 /* PBXTargetDependency */,
			);
			name = VitaVerseAppTests;
			productName = VitaVerseAppTests;
			productReference = 5755FA082B8A935B00BF6B97 /* VitaVerseAppTests.xctest */;
			productType = "com.apple.product-type.bundle.unit-test";
		};
		5755FA112B8A935B00BF6B97 /* VitaVerseAppUITests */ = {
			isa = PBXNativeTarget;
			buildConfigurationList = 5755FA222B8A935B00BF6B97 /* Build configuration list for PBXNativeTarget "VitaVerseAppUITests" */;
			buildPhases = (
				5755FA0E2B8A935B00BF6B97 /* Sources */,
				5755FA0F2B8A935B00BF6B97 /* Frameworks */,
				5755FA102B8A935B00BF6B97 /* Resources */,
			);
			buildRules = (
			);
			dependencies = (
				5755FA142B8A935B00BF6B97 /* PBXTargetDependency */,
			);
			name = VitaVerseAppUITests;
			productName = VitaVerseAppUITests;
			productReference = 5755FA122B8A935B00BF6B97 /* VitaVerseAppUITests.xctest */;
			productType = "com.apple.product-type.bundle.ui-testing";
		};
/* End PBXNativeTarget section */

/* Begin PBXProject section */
		5755F9EA2B8A935700BF6B97 /* Project object */ = {
			isa = PBXProject;
			attributes = {
				BuildIndependentTargetsInParallel = 1;
				LastSwiftUpdateCheck = 1520;
				LastUpgradeCheck = 1520;
				TargetAttributes = {
					5755F9F12B8A935800BF6B97 = {
						CreatedOnToolsVersion = 15.2;
					};
					5755FA072B8A935B00BF6B97 = {
						CreatedOnToolsVersion = 15.2;
						TestTargetID = 5755F9F12B8A935800BF6B97;
					};
					5755FA112B8A935B00BF6B97 = {
						CreatedOnToolsVersion = 15.2;
						TestTargetID = 5755F9F12B8A935800BF6B97;
					};
				};
			};
			buildConfigurationList = 5755F9ED2B8A935700BF6B97 /* Build configuration list for PBXProject "VitaVerseApp" */;
			compatibilityVersion = "Xcode 14.0";
			developmentRegion = en;
			hasScannedForEncodings = 0;
			knownRegions = (
				en,
				Base,
			);
			mainGroup = 5755F9E92B8A935700BF6B97;
			packageReferences = (
				5755FA6E2B8B7F6E00BF6B97 /* XCRemoteSwiftPackageReference "swift-argument-parser" */,
			);
			productRefGroup = 5755F9F32B8A935800BF6B97 /* Products */;
			projectDirPath = "";
			projectRoot = "";
			targets = (
				5755F9F12B8A935800BF6B97 /* VitaVerseApp */,
				5755FA072B8A935B00BF6B97 /* VitaVerseAppTests */,
				5755FA112B8A935B00BF6B97 /* VitaVerseAppUITests */,
			);
		};
/* End PBXProject section */

/* Begin PBXResourcesBuildPhase section */
		5755F9F02B8A935800BF6B97 /* Resources */ = {
			isa = PBXResourcesBuildPhase;
			buildActionMask = 2147483647;
			files = (
				5755FA022B8A935B00BF6B97 /* LaunchScreen.storyboard in Resources */,
				5755F9FF2B8A935B00BF6B97 /* Assets.xcassets in Resources */,
				5755F9FD2B8A935800BF6B97 /* Main.storyboard in Resources */,
			);
			runOnlyForDeploymentPostprocessing = 0;
		};
		5755FA062B8A935B00BF6B97 /* Resources */ = {
			isa = PBXResourcesBuildPhase;
			buildActionMask = 2147483647;
			files = (
			);
			runOnlyForDeploymentPostprocessing = 0;
		};
		5755FA102B8A935B00BF6B97 /* Resources */ = {
			isa = PBXResourcesBuildPhase;
			buildActionMask = 2147483647;
			files = (
			);
			runOnlyForDeploymentPostprocessing = 0;
		};
/* End PBXResourcesBuildPhase section */

/* Begin PBXSourcesBuildPhase section */
		5755F9EE2B8A935800BF6B97 /* Sources */ = {
			isa = PBXSourcesBuildPhase;
			buildActionMask = 2147483647;
			files = (
				5755FA8A2B8BF5ED00BF6B97 /* Height.swift in Sources */,
				57AA5B792B8FE23400F6AE39 /* Label2.swift in Sources */,
				5755FA822B8BE75100BF6B97 /* you.swift in Sources */,
				5755FA7A2B8BDD7E00BF6B97 /* Import.swift in Sources */,
				5755F9FA2B8A935800BF6B97 /* ViewController.swift in Sources */,
				57AA5B712B8FC37D00F6AE39 /* Sync.swift in Sources */,
				5755FA882B8BE91500BF6B97 /* Submit.swift in Sources */,
				5755FA8C2B8BF5F900BF6B97 /* Weight.swift in Sources */,
				5755FA7E2B8BDF8800BF6B97 /* DEMOVC.swift in Sources */,
				57CB31162B8D8E7900FE27E9 /* generateB.swift in Sources */,
				57AA5B752B8FE21D00F6AE39 /* HeightL.swift in Sources */,
				5755FA842B8BE89500BF6B97 /* Name.swift in Sources */,
				5755FA802B8BE06400BF6B97 /* resultLabel.swift in Sources */,
				5755FA7C2B8BDD8B00BF6B97 /* Start.swift in Sources */,
				57CB31122B8D776B00FE27E9 /* ImportFiles.swift in Sources */,
				5755F9F62B8A935800BF6B97 /* AppDelegate.swift in Sources */,
				5755FA862B8BE8A500BF6B97 /* Age.swift in Sources */,
				57DFF1A92B9F5B2D0093C25F /* Final.swift in Sources */,
				5755FA762B8BDABD00BF6B97 /* Mission.swift in Sources */,
				5755FA8E2B8BF81C00BF6B97 /* Generated.swift in Sources */,
				57AA5B772B8FE22800F6AE39 /* Label1.swift in Sources */,
				57AA5B732B8FE21100F6AE39 /* WeightL.swift in Sources */,
				5755F9F82B8A935800BF6B97 /* SceneDelegate.swift in Sources */,
			);
			runOnlyForDeploymentPostprocessing = 0;
		};
		5755FA042B8A935B00BF6B97 /* Sources */ = {
			isa = PBXSourcesBuildPhase;
			buildActionMask = 2147483647;
			files = (
				5755FA0D2B8A935B00BF6B97 /* VitaVerseAppTests.swift in Sources */,
			);
			runOnlyForDeploymentPostprocessing = 0;
		};
		5755FA0E2B8A935B00BF6B97 /* Sources */ = {
			isa = PBXSourcesBuildPhase;
			buildActionMask = 2147483647;
			files = (
				5755FA192B8A935B00BF6B97 /* VitaVerseAppUITestsLaunchTests.swift in Sources */,
				5755FA172B8A935B00BF6B97 /* VitaVerseAppUITests.swift in Sources */,
			);
			runOnlyForDeploymentPostprocessing = 0;
		};
/* End PBXSourcesBuildPhase section */

/* Begin PBXTargetDependency section */
		5755FA0A2B8A935B00BF6B97 /* PBXTargetDependency */ = {
			isa = PBXTargetDependency;
			target = 5755F9F12B8A935800BF6B97 /* VitaVerseApp */;
			targetProxy = 5755FA092B8A935B00BF6B97 /* PBXContainerItemProxy */;
		};
		5755FA142B8A935B00BF6B97 /* PBXTargetDependency */ = {
			isa = PBXTargetDependency;
			target = 5755F9F12B8A935800BF6B97 /* VitaVerseApp */;
			targetProxy = 5755FA132B8A935B00BF6B97 /* PBXContainerItemProxy */;
		};
/* End PBXTargetDependency section */

/* Begin PBXVariantGroup section */
		5755F9FB2B8A935800BF6B97 /* Main.storyboard */ = {
			isa = PBXVariantGroup;
			children = (
				5755F9FC2B8A935800BF6B97 /* Base */,
			);
			name = Main.storyboard;
			sourceTree = "<group>";
		};
		5755FA002B8A935B00BF6B97 /* LaunchScreen.storyboard */ = {
			isa = PBXVariantGroup;
			children = (
				5755FA012B8A935B00BF6B97 /* Base */,
			);
			name = LaunchScreen.storyboard;
			sourceTree = "<group>";
		};
/* End PBXVariantGroup section */

/* Begin XCBuildConfiguration section */
		5755FA1A2B8A935B00BF6B97 /* Debug */ = {
			isa = XCBuildConfiguration;
			buildSettings = {
				ALWAYS_SEARCH_USER_PATHS = NO;
				ASSETCATALOG_COMPILER_GENERATE_SWIFT_ASSET_SYMBOL_EXTENSIONS = YES;
				CLANG_ANALYZER_NONNULL = YES;
				CLANG_ANALYZER_NUMBER_OBJECT_CONVERSION = YES_AGGRESSIVE;
				CLANG_CXX_LANGUAGE_STANDARD = "gnu++20";
				CLANG_ENABLE_MODULES = YES;
				CLANG_ENABLE_OBJC_ARC = YES;
				CLANG_ENABLE_OBJC_WEAK = YES;
				CLANG_WARN_BLOCK_CAPTURE_AUTORELEASING = YES;
				CLANG_WARN_BOOL_CONVERSION = YES;
				CLANG_WARN_COMMA = YES;
				CLANG_WARN_CONSTANT_CONVERSION = YES;
				CLANG_WARN_DEPRECATED_OBJC_IMPLEMENTATIONS = YES;
				CLANG_WARN_DIRECT_OBJC_ISA_USAGE = YES_ERROR;
				CLANG_WARN_DOCUMENTATION_COMMENTS = YES;
				CLANG_WARN_EMPTY_BODY = YES;
				CLANG_WARN_ENUM_CONVERSION = YES;
				CLANG_WARN_INFINITE_RECURSION = YES;
				CLANG_WARN_INT_CONVERSION = YES;
				CLANG_WARN_NON_LITERAL_NULL_CONVERSION = YES;
				CLANG_WARN_OBJC_IMPLICIT_RETAIN_SELF = YES;
				CLANG_WARN_OBJC_LITERAL_CONVERSION = YES;
				CLANG_WARN_OBJC_ROOT_CLASS = YES_ERROR;
				CLANG_WARN_QUOTED_INCLUDE_IN_FRAMEWORK_HEADER = YES;
				CLANG_WARN_RANGE_LOOP_ANALYSIS = YES;
				CLANG_WARN_STRICT_PROTOTYPES = YES;
				CLANG_WARN_SUSPICIOUS_MOVE = YES;
				CLANG_WARN_UNGUARDED_AVAILABILITY = YES_AGGRESSIVE;
				CLANG_WARN_UNREACHABLE_CODE = YES;
				CLANG_WARN__DUPLICATE_METHOD_MATCH = YES;
				COPY_PHASE_STRIP = NO;
				DEBUG_INFORMATION_FORMAT = dwarf;
				ENABLE_STRICT_OBJC_MSGSEND = YES;
				ENABLE_TESTABILITY = YES;
				ENABLE_USER_SCRIPT_SANDBOXING = YES;
				GCC_C_LANGUAGE_STANDARD = gnu17;
				GCC_DYNAMIC_NO_PIC = NO;
				GCC_NO_COMMON_BLOCKS = YES;
				GCC_OPTIMIZATION_LEVEL = 0;
				GCC_PREPROCESSOR_DEFINITIONS = (
					"DEBUG=1",
					"$(inherited)",
				);
				GCC_WARN_64_TO_32_BIT_CONVERSION = YES;
				GCC_WARN_ABOUT_RETURN_TYPE = YES_ERROR;
				GCC_WARN_UNDECLARED_SELECTOR = YES;
				GCC_WARN_UNINITIALIZED_AUTOS = YES_AGGRESSIVE;
				GCC_WARN_UNUSED_FUNCTION = YES;
				GCC_WARN_UNUSED_VARIABLE = YES;
				IPHONEOS_DEPLOYMENT_TARGET = 17.2;
				LOCALIZATION_PREFERS_STRING_CATALOGS = YES;
				MTL_ENABLE_DEBUG_INFO = INCLUDE_SOURCE;
				MTL_FAST_MATH = YES;
				ONLY_ACTIVE_ARCH = YES;
				SDKROOT = iphoneos;
				SWIFT_ACTIVE_COMPILATION_CONDITIONS = "DEBUG $(inherited)";
				SWIFT_OPTIMIZATION_LEVEL = "-Onone";
			};
			name = Debug;
		};
		5755FA1B2B8A935B00BF6B97 /* Release */ = {
			isa = XCBuildConfiguration;
			buildSettings = {
				ALWAYS_SEARCH_USER_PATHS = NO;
				ASSETCATALOG_COMPILER_GENERATE_SWIFT_ASSET_SYMBOL_EXTENSIONS = YES;
				CLANG_ANALYZER_NONNULL = YES;
				CLANG_ANALYZER_NUMBER_OBJECT_CONVERSION = YES_AGGRESSIVE;
				CLANG_CXX_LANGUAGE_STANDARD = "gnu++20";
				CLANG_ENABLE_MODULES = YES;
				CLANG_ENABLE_OBJC_ARC = YES;
				CLANG_ENABLE_OBJC_WEAK = YES;
				CLANG_WARN_BLOCK_CAPTURE_AUTORELEASING = YES;
				CLANG_WARN_BOOL_CONVERSION = YES;
				CLANG_WARN_COMMA = YES;
				CLANG_WARN_CONSTANT_CONVERSION = YES;
				CLANG_WARN_DEPRECATED_OBJC_IMPLEMENTATIONS = YES;
				CLANG_WARN_DIRECT_OBJC_ISA_USAGE = YES_ERROR;
				CLANG_WARN_DOCUMENTATION_COMMENTS = YES;
				CLANG_WARN_EMPTY_BODY = YES;
				CLANG_WARN_ENUM_CONVERSION = YES;
				CLANG_WARN_INFINITE_RECURSION = YES;
				CLANG_WARN_INT_CONVERSION = YES;
				CLANG_WARN_NON_LITERAL_NULL_CONVERSION = YES;
				CLANG_WARN_OBJC_IMPLICIT_RETAIN_SELF = YES;
				CLANG_WARN_OBJC_LITERAL_CONVERSION = YES;
				CLANG_WARN_OBJC_ROOT_CLASS = YES_ERROR;
				CLANG_WARN_QUOTED_INCLUDE_IN_FRAMEWORK_HEADER = YES;
				CLANG_WARN_RANGE_LOOP_ANALYSIS = YES;
				CLANG_WARN_STRICT_PROTOTYPES = YES;
				CLANG_WARN_SUSPICIOUS_MOVE = YES;
				CLANG_WARN_UNGUARDED_AVAILABILITY = YES_AGGRESSIVE;
				CLANG_WARN_UNREACHABLE_CODE = YES;
				CLANG_WARN__DUPLICATE_METHOD_MATCH = YES;
				COPY_PHASE_STRIP = NO;
				DEBUG_INFORMATION_FORMAT = "dwarf-with-dsym";
				ENABLE_NS_ASSERTIONS = NO;
				ENABLE_STRICT_OBJC_MSGSEND = YES;
				ENABLE_USER_SCRIPT_SANDBOXING = YES;
				GCC_C_LANGUAGE_STANDARD = gnu17;
				GCC_NO_COMMON_BLOCKS = YES;
				GCC_WARN_64_TO_32_BIT_CONVERSION = YES;
				GCC_WARN_ABOUT_RETURN_TYPE = YES_ERROR;
				GCC_WARN_UNDECLARED_SELECTOR = YES;
				GCC_WARN_UNINITIALIZED_AUTOS = YES_AGGRESSIVE;
				GCC_WARN_UNUSED_FUNCTION = YES;
				GCC_WARN_UNUSED_VARIABLE = YES;
				IPHONEOS_DEPLOYMENT_TARGET = 17.2;
				LOCALIZATION_PREFERS_STRING_CATALOGS = YES;
				MTL_ENABLE_DEBUG_INFO = NO;
				MTL_FAST_MATH = YES;
				SDKROOT = iphoneos;
				SWIFT_COMPILATION_MODE = wholemodule;
				VALIDATE_PRODUCT = YES;
			};
			name = Release;
		};
		5755FA1D2B8A935B00BF6B97 /* Debug */ = {
			isa = XCBuildConfiguration;
			buildSettings = {
				ASSETCATALOG_COMPILER_APPICON_NAME = AppIcon;
				ASSETCATALOG_COMPILER_GLOBAL_ACCENT_COLOR_NAME = AccentColor;
				CODE_SIGN_STYLE = Automatic;
				CURRENT_PROJECT_VERSION = 1;
				DEVELOPMENT_TEAM = M8H6C58L5A;
				GENERATE_INFOPLIST_FILE = YES;
				INFOPLIST_FILE = VitaVerseApp/Info.plist;
				INFOPLIST_KEY_UIApplicationSupportsIndirectInputEvents = YES;
				INFOPLIST_KEY_UILaunchStoryboardName = LaunchScreen;
				INFOPLIST_KEY_UIMainStoryboardFile = Main;
				INFOPLIST_KEY_UISupportedInterfaceOrientations_iPad = "UIInterfaceOrientationPortrait UIInterfaceOrientationPortraitUpsideDown UIInterfaceOrientationLandscapeLeft UIInterfaceOrientationLandscapeRight";
				INFOPLIST_KEY_UISupportedInterfaceOrientations_iPhone = "UIInterfaceOrientationPortrait UIInterfaceOrientationLandscapeLeft UIInterfaceOrientationLandscapeRight";
				LD_RUNPATH_SEARCH_PATHS = (
					"$(inherited)",
					"@executable_path/Frameworks",
				);
				MARKETING_VERSION = 1.0;
				PRODUCT_BUNDLE_IDENTIFIER = DECA.VitaVerseApp;
				PRODUCT_NAME = "$(TARGET_NAME)";
				SWIFT_EMIT_LOC_STRINGS = YES;
				SWIFT_VERSION = 5.0;
				TARGETED_DEVICE_FAMILY = "1,2";
			};
			name = Debug;
		};
		5755FA1E2B8A935B00BF6B97 /* Release */ = {
			isa = XCBuildConfiguration;
			buildSettings = {
				ASSETCATALOG_COMPILER_APPICON_NAME = AppIcon;
				ASSETCATALOG_COMPILER_GLOBAL_ACCENT_COLOR_NAME = AccentColor;
				CODE_SIGN_STYLE = Automatic;
				CURRENT_PROJECT_VERSION = 1;
				DEVELOPMENT_TEAM = M8H6C58L5A;
				GENERATE_INFOPLIST_FILE = YES;
				INFOPLIST_FILE = VitaVerseApp/Info.plist;
				INFOPLIST_KEY_UIApplicationSupportsIndirectInputEvents = YES;
				INFOPLIST_KEY_UILaunchStoryboardName = LaunchScreen;
				INFOPLIST_KEY_UIMainStoryboardFile = Main;
				INFOPLIST_KEY_UISupportedInterfaceOrientations_iPad = "UIInterfaceOrientationPortrait UIInterfaceOrientationPortraitUpsideDown UIInterfaceOrientationLandscapeLeft UIInterfaceOrientationLandscapeRight";
				INFOPLIST_KEY_UISupportedInterfaceOrientations_iPhone = "UIInterfaceOrientationPortrait UIInterfaceOrientationLandscapeLeft UIInterfaceOrientationLandscapeRight";
				LD_RUNPATH_SEARCH_PATHS = (
					"$(inherited)",
					"@executable_path/Frameworks",
				);
				MARKETING_VERSION = 1.0;
				PRODUCT_BUNDLE_IDENTIFIER = DECA.VitaVerseApp;
				PRODUCT_NAME = "$(TARGET_NAME)";
				SWIFT_EMIT_LOC_STRINGS = YES;
				SWIFT_VERSION = 5.0;
				TARGETED_DEVICE_FAMILY = "1,2";
			};
			name = Release;
		};
		5755FA202B8A935B00BF6B97 /* Debug */ = {
			isa = XCBuildConfiguration;
			buildSettings = {
				ALWAYS_EMBED_SWIFT_STANDARD_LIBRARIES = YES;
				BUNDLE_LOADER = "$(TEST_HOST)";
				CODE_SIGN_STYLE = Automatic;
				CURRENT_PROJECT_VERSION = 1;
				DEVELOPMENT_TEAM = M8H6C58L5A;
				GENERATE_INFOPLIST_FILE = YES;
				IPHONEOS_DEPLOYMENT_TARGET = 16.5;
				MARKETING_VERSION = 1.0;
				PRODUCT_BUNDLE_IDENTIFIER = DECA.VitaVerseAppTests;
				PRODUCT_NAME = "$(TARGET_NAME)";
				SWIFT_EMIT_LOC_STRINGS = NO;
				SWIFT_VERSION = 5.0;
				TARGETED_DEVICE_FAMILY = "1,2";
				TEST_HOST = "$(BUILT_PRODUCTS_DIR)/VitaVerseApp.app/$(BUNDLE_EXECUTABLE_FOLDER_PATH)/VitaVerseApp";
			};
			name = Debug;
		};
		5755FA212B8A935B00BF6B97 /* Release */ = {
			isa = XCBuildConfiguration;
			buildSettings = {
				ALWAYS_EMBED_SWIFT_STANDARD_LIBRARIES = YES;
				BUNDLE_LOADER = "$(TEST_HOST)";
				CODE_SIGN_STYLE = Automatic;
				CURRENT_PROJECT_VERSION = 1;
				DEVELOPMENT_TEAM = M8H6C58L5A;
				GENERATE_INFOPLIST_FILE = YES;
				IPHONEOS_DEPLOYMENT_TARGET = 16.5;
				MARKETING_VERSION = 1.0;
				PRODUCT_BUNDLE_IDENTIFIER = DECA.VitaVerseAppTests;
				PRODUCT_NAME = "$(TARGET_NAME)";
				SWIFT_EMIT_LOC_STRINGS = NO;
				SWIFT_VERSION = 5.0;
				TARGETED_DEVICE_FAMILY = "1,2";
				TEST_HOST = "$(BUILT_PRODUCTS_DIR)/VitaVerseApp.app/$(BUNDLE_EXECUTABLE_FOLDER_PATH)/VitaVerseApp";
			};
			name = Release;
		};
		5755FA232B8A935B00BF6B97 /* Debug */ = {
			isa = XCBuildConfiguration;
			buildSettings = {
				ALWAYS_EMBED_SWIFT_STANDARD_LIBRARIES = YES;
				CODE_SIGN_STYLE = Automatic;
				CURRENT_PROJECT_VERSION = 1;
				DEVELOPMENT_TEAM = M8H6C58L5A;
				GENERATE_INFOPLIST_FILE = YES;
				MARKETING_VERSION = 1.0;
				PRODUCT_BUNDLE_IDENTIFIER = DECA.VitaVerseAppUITests;
				PRODUCT_NAME = "$(TARGET_NAME)";
				SWIFT_EMIT_LOC_STRINGS = NO;
				SWIFT_VERSION = 5.0;
				TARGETED_DEVICE_FAMILY = "1,2";
				TEST_TARGET_NAME = VitaVerseApp;
			};
			name = Debug;
		};
		5755FA242B8A935B00BF6B97 /* Release */ = {
			isa = XCBuildConfiguration;
			buildSettings = {
				ALWAYS_EMBED_SWIFT_STANDARD_LIBRARIES = YES;
				CODE_SIGN_STYLE = Automatic;
				CURRENT_PROJECT_VERSION = 1;
				DEVELOPMENT_TEAM = M8H6C58L5A;
				GENERATE_INFOPLIST_FILE = YES;
				MARKETING_VERSION = 1.0;
				PRODUCT_BUNDLE_IDENTIFIER = DECA.VitaVerseAppUITests;
				PRODUCT_NAME = "$(TARGET_NAME)";
				SWIFT_EMIT_LOC_STRINGS = NO;
				SWIFT_VERSION = 5.0;
				TARGETED_DEVICE_FAMILY = "1,2";
				TEST_TARGET_NAME = VitaVerseApp;
			};
			name = Release;
		};
/* End XCBuildConfiguration section */

/* Begin XCConfigurationList section */
		5755F9ED2B8A935700BF6B97 /* Build configuration list for PBXProject "VitaVerseApp" */ = {
			isa = XCConfigurationList;
			buildConfigurations = (
				5755FA1A2B8A935B00BF6B97 /* Debug */,
				5755FA1B2B8A935B00BF6B97 /* Release */,
			);
			defaultConfigurationIsVisible = 0;
			defaultConfigurationName = Release;
		};
		5755FA1C2B8A935B00BF6B97 /* Build configuration list for PBXNativeTarget "VitaVerseApp" */ = {
			isa = XCConfigurationList;
			buildConfigurations = (
				5755FA1D2B8A935B00BF6B97 /* Debug */,
				5755FA1E2B8A935B00BF6B97 /* Release */,
			);
			defaultConfigurationIsVisible = 0;
			defaultConfigurationName = Release;
		};
		5755FA1F2B8A935B00BF6B97 /* Build configuration list for PBXNativeTarget "VitaVerseAppTests" */ = {
			isa = XCConfigurationList;
			buildConfigurations = (
				5755FA202B8A935B00BF6B97 /* Debug */,
				5755FA212B8A935B00BF6B97 /* Release */,
			);
			defaultConfigurationIsVisible = 0;
			defaultConfigurationName = Release;
		};
		5755FA222B8A935B00BF6B97 /* Build configuration list for PBXNativeTarget "VitaVerseAppUITests" */ = {
			isa = XCConfigurationList;
			buildConfigurations = (
				5755FA232B8A935B00BF6B97 /* Debug */,
				5755FA242B8A935B00BF6B97 /* Release */,
			);
			defaultConfigurationIsVisible = 0;
			defaultConfigurationName = Release;
		};
/* End XCConfigurationList section */

/* Begin XCRemoteSwiftPackageReference section */
		5755FA6E2B8B7F6E00BF6B97 /* XCRemoteSwiftPackageReference "swift-argument-parser" */ = {
			isa = XCRemoteSwiftPackageReference;
			repositoryURL = "https://github.com/apple/swift-argument-parser.git";
			requirement = {
				kind = upToNextMajorVersion;
				minimumVersion = 1.3.0;
			};
		};
/* End XCRemoteSwiftPackageReference section */
	};
	rootObject = 5755F9EA2B8A935700BF6B97 /* Project object */;
}
